
Microsoft Visual Studio Solution File, Format Version 12.00
# Visual Studio Version 17
VisualStudioVersion = 17.11.35222.181
MinimumVisualStudioVersion = 10.0.40219.1
Project("{9A19103F-16F7-4668-BE54-9A1E7A4F7556}") = "backend", "backend\backend.csproj", "{B7E73325-8A97-4FBD-88EC-CDD069CDFDC6}"
EndProject
Project("{FAE04EC0-301F-11D3-BF4B-00C04F79EFBC}") = "xUnitTests", "xUnitTests\xUnitTests.csproj", "{44A152C5-D9FE-4B88-A74F-6E3E72DB90B8}"
EndProject
Global
	GlobalSection(SolutionConfigurationPlatforms) = preSolution
		Debug|Any CPU = Debug|Any CPU
		Release|Any CPU = Release|Any CPU
	EndGlobalSection
	GlobalSection(ProjectConfigurationPlatforms) = postSolution
		{B7E73325-8A97-4FBD-88EC-CDD069CDFDC6}.Debug|Any CPU.ActiveCfg = Debug|Any CPU
		{B7E73325-8A97-4FBD-88EC-CDD069CDFDC6}.Debug|Any CPU.Build.0 = Debug|Any CPU
		{B7E73325-8A97-4FBD-88EC-CDD069CDFDC6}.Release|Any CPU.ActiveCfg = Release|Any CPU
		{B7E73325-8A97-4FBD-88EC-CDD069CDFDC6}.Release|Any CPU.Build.0 = Release|Any CPU
		{44A152C5-D9FE-4B88-A74F-6E3E72DB90B8}.Debug|Any CPU.ActiveCfg = Debug|Any CPU
		{44A152C5-D9FE-4B88-A74F-6E3E72DB90B8}.Debug|Any CPU.Build.0 = Debug|Any CPU
		{44A152C5-D9FE-4B88-A74F-6E3E72DB90B8}.Release|Any CPU.ActiveCfg = Release|Any CPU
		{44A152C5-D9FE-4B88-A74F-6E3E72DB90B8}.Release|Any CPU.Build.0 = Release|Any CPU
	EndGlobalSection
	GlobalSection(SolutionProperties) = preSolution
		HideSolutionNode = FALSE
	EndGlobalSection
	GlobalSection(ExtensibilityGlobals) = postSolution
		SolutionGuid = {821BB253-741A-4CF0-A52E-175025593B20}
	EndGlobalSection
EndGlobal
